// !$*UTF8*$!
{
	archiveVersion = 1;
	classes = {
	};
	objectVersion = 55;
	objects = {

/* Begin PBXBuildFile section */
		FEAE194A27FA49BB00516EC5 /* AppDelegate.swift in Sources */ = {isa = PBXBuildFile; fileRef = FEAE194927FA49BB00516EC5 /* AppDelegate.swift */; };
		FEAE194C27FA49BB00516EC5 /* SceneDelegate.swift in Sources */ = {isa = PBXBuildFile; fileRef = FEAE194B27FA49BB00516EC5 /* SceneDelegate.swift */; };
		FEAE195127FA49BB00516EC5 /* Main.storyboard in Resources */ = {isa = PBXBuildFile; fileRef = FEAE194F27FA49BB00516EC5 /* Main.storyboard */; };
		FEAE195427FA49BB00516EC5 /* RestaurantList.xcdatamodeld in Sources */ = {isa = PBXBuildFile; fileRef = FEAE195227FA49BB00516EC5 /* RestaurantList.xcdatamodeld */; };
		FEAE195627FA49BF00516EC5 /* Assets.xcassets in Resources */ = {isa = PBXBuildFile; fileRef = FEAE195527FA49BF00516EC5 /* Assets.xcassets */; };
		FEAE195927FA49BF00516EC5 /* LaunchScreen.storyboard in Resources */ = {isa = PBXBuildFile; fileRef = FEAE195727FA49BF00516EC5 /* LaunchScreen.storyboard */; };
		FEAE196127FA57AA00516EC5 /* RestaurantListTableViewController.swift in Sources */ = {isa = PBXBuildFile; fileRef = FEAE196027FA57AA00516EC5 /* RestaurantListTableViewController.swift */; };
		FEAE196327FA592A00516EC5 /* AddViewController.swift in Sources */ = {isa = PBXBuildFile; fileRef = FEAE196227FA592A00516EC5 /* AddViewController.swift */; };
/* End PBXBuildFile section */

/* Begin PBXFileReference section */
		FEAE194627FA49BB00516EC5 /* RestaurantList.app */ = {isa = PBXFileReference; explicitFileType = wrapper.application; includeInIndex = 0; path = RestaurantList.app; sourceTree = BUILT_PRODUCTS_DIR; };
		FEAE194927FA49BB00516EC5 /* AppDelegate.swift */ = {isa = PBXFileReference; lastKnownFileType = sourcecode.swift; path = AppDelegate.swift; sourceTree = "<group>"; };
		FEAE194B27FA49BB00516EC5 /* SceneDelegate.swift */ = {isa = PBXFileReference; lastKnownFileType = sourcecode.swift; path = SceneDelegate.swift; sourceTree = "<group>"; };
		FEAE195027FA49BB00516EC5 /* Base */ = {isa = PBXFileReference; lastKnownFileType = file.storyboard; name = Base; path = Base.lproj/Main.storyboard; sourceTree = "<group>"; };
		FEAE195327FA49BB00516EC5 /* RestaurantList.xcdatamodel */ = {isa = PBXFileReference; lastKnownFileType = wrapper.xcdatamodel; path = RestaurantList.xcdatamodel; sourceTree = "<group>"; };
		FEAE195527FA49BF00516EC5 /* Assets.xcassets */ = {isa = PBXFileReference; lastKnownFileType = folder.assetcatalog; path = Assets.xcassets; sourceTree = "<group>"; };
		FEAE195827FA49BF00516EC5 /* Base */ = {isa = PBXFileReference; lastKnownFileType = file.storyboard; name = Base; path = Base.lproj/LaunchScreen.storyboard; sourceTree = "<group>"; };
		FEAE195A27FA49BF00516EC5 /* Info.plist */ = {isa = PBXFileReference; lastKnownFileType = text.plist.xml; path = Info.plist; sourceTree = "<group>"; };
		FEAE196027FA57AA00516EC5 /* RestaurantListTableViewController.swift */ = {isa = PBXFileReference; lastKnownFileType = sourcecode.swift; path = RestaurantListTableViewController.swift; sourceTree = "<group>"; };
		FEAE196227FA592A00516EC5 /* AddViewController.swift */ = {isa = PBXFileReference; lastKnownFileType = sourcecode.swift; path = AddViewController.swift; sourceTree = "<group>"; };
/* End PBXFileReference section */

/* Begin PBXFrameworksBuildPhase section */
		FEAE194327FA49BB00516EC5 /* Frameworks */ = {
			isa = PBXFrameworksBuildPhase;
			buildActionMask = 2147483647;
			files = (
			);
			runOnlyForDeploymentPostprocessing = 0;
		};
/* End PBXFrameworksBuildPhase section */

/* Begin PBXGroup section */
		FEAE193D27FA49BB00516EC5 = {
			isa = PBXGroup;
			children = (
				FEAE194827FA49BB00516EC5 /* RestaurantList */,
				FEAE194727FA49BB00516EC5 /* Products */,
			);
			sourceTree = "<group>";
		};
		FEAE194727FA49BB00516EC5 /* Products */ = {
			isa = PBXGroup;
			children = (
				FEAE194627FA49BB00516EC5 /* RestaurantList.app */,
			);
			name = Products;
			sourceTree = "<group>";
		};
		FEAE194827FA49BB00516EC5 /* RestaurantList */ = {
			isa = PBXGroup;
			children = (
				FEAE194927FA49BB00516EC5 /* AppDelegate.swift */,
				FEAE194B27FA49BB00516EC5 /* SceneDelegate.swift */,
				FEAE196027FA57AA00516EC5 /* RestaurantListTableViewController.swift */,
				FEAE196227FA592A00516EC5 /* AddViewController.swift */,
				FEAE194F27FA49BB00516EC5 /* Main.storyboard */,
				FEAE195527FA49BF00516EC5 /* Assets.xcassets */,
				FEAE195727FA49BF00516EC5 /* LaunchScreen.storyboard */,
				FEAE195A27FA49BF00516EC5 /* Info.plist */,
				FEAE195227FA49BB00516EC5 /* RestaurantList.xcdatamodeld */,
			);
			path = RestaurantList;
			sourceTree = "<group>";
		};
/* End PBXGroup section */

/* Begin PBXNativeTarget section */
		FEAE194527FA49BB00516EC5 /* RestaurantList */ = {
			isa = PBXNativeTarget;
			buildConfigurationList = FEAE195D27FA49BF00516EC5 /* Build configuration list for PBXNativeTarget "RestaurantList" */;
			buildPhases = (
				FEAE194227FA49BB00516EC5 /* Sources */,
				FEAE194327FA49BB00516EC5 /* Frameworks */,
				FEAE194427FA49BB00516EC5 /* Resources */,
			);
			buildRules = (
			);
			dependencies = (
			);
			name = RestaurantList;
			productName = RestaurantList;
			productReference = FEAE194627FA49BB00516EC5 /* RestaurantList.app */;
			productType = "com.apple.product-type.application";
		};
/* End PBXNativeTarget section */

/* Begin PBXProject section */
		FEAE193E27FA49BB00516EC5 /* Project object */ = {
			isa = PBXProject;
			attributes = {
				BuildIndependentTargetsInParallel = 1;
				LastSwiftUpdateCheck = 1330;
				LastUpgradeCheck = 1330;
				TargetAttributes = {
					FEAE194527FA49BB00516EC5 = {
						CreatedOnToolsVersion = 13.3;
					};
				};
			};
			buildConfigurationList = FEAE194127FA49BB00516EC5 /* Build configuration list for PBXProject "RestaurantList" */;
			compatibilityVersion = "Xcode 13.0";
			developmentRegion = en;
			hasScannedForEncodings = 0;
			knownRegions = (
				en,
				Base,
			);
			mainGroup = FEAE193D27FA49BB00516EC5;
			productRefGroup = FEAE194727FA49BB00516EC5 /* Products */;
			projectDirPath = "";
			projectRoot = "";
			targets = (
				FEAE194527FA49BB00516EC5 /* RestaurantList */,
			);
		};
/* End PBXProject section */

/* Begin PBXResourcesBuildPhase section */
		FEAE194427FA49BB00516EC5 /* Resources */ = {
			isa = PBXResourcesBuildPhase;
			buildActionMask = 2147483647;
			files = (
				FEAE195927FA49BF00516EC5 /* LaunchScreen.storyboard in Resources */,
				FEAE195627FA49BF00516EC5 /* Assets.xcassets in Resources */,
				FEAE195127FA49BB00516EC5 /* Main.storyboard in Resources */,
			);
			runOnlyForDeploymentPostprocessing = 0;
		};
/* End PBXResourcesBuildPhase section */

/* Begin PBXSourcesBuildPhase section */
		FEAE194227FA49BB00516EC5 /* Sources */ = {
			isa = PBXSourcesBuildPhase;
			buildActionMask = 2147483647;
			files = (
				FEAE196327FA592A00516EC5 /* AddViewController.swift in Sources */,
				FEAE195427FA49BB00516EC5 /* RestaurantList.xcdatamodeld in Sources */,
				FEAE194A27FA49BB00516EC5 /* AppDelegate.swift in Sources */,
				FEAE196127FA57AA00516EC5 /* RestaurantListTableViewController.swift in Sources */,
				FEAE194C27FA49BB00516EC5 /* SceneDelegate.swift in Sources */,
			);
			runOnlyForDeploymentPostprocessing = 0;
		};
/* End PBXSourcesBuildPhase section */

/* Begin PBXVariantGroup section */
		FEAE194F27FA49BB00516EC5 /* Main.storyboard */ = {
			isa = PBXVariantGroup;
			children = (
				FEAE195027FA49BB00516EC5 /* Base */,
			);
			name = Main.storyboard;
			sourceTree = "<group>";
		};
		FEAE195727FA49BF00516EC5 /* LaunchScreen.storyboard */ = {
			isa = PBXVariantGroup;
			children = (
				FEAE195827FA49BF00516EC5 /* Base */,
			);
			name = LaunchScreen.storyboard;
			sourceTree = "<group>";
		};
/* End PBXVariantGroup section */

/* Begin XCBuildConfiguration section */
		FEAE195B27FA49BF00516EC5 /* Debug */ = {
			isa = XCBuildConfiguration;
			buildSettings = {
				ALWAYS_SEARCH_USER_PATHS = NO;
				CLANG_ANALYZER_NONNULL = YES;
				CLANG_ANALYZER_NUMBER_OBJECT_CONVERSION = YES_AGGRESSIVE;
				CLANG_CXX_LANGUAGE_STANDARD = "gnu++17";
				CLANG_ENABLE_MODULES = YES;
				CLANG_ENABLE_OBJC_ARC = YES;
				CLANG_ENABLE_OBJC_WEAK = YES;
				CLANG_WARN_BLOCK_CAPTURE_AUTORELEASING = YES;
				CLANG_WARN_BOOL_CONVERSION = YES;
				CLANG_WARN_COMMA = YES;
				CLANG_WARN_CONSTANT_CONVERSION = YES;
				CLANG_WARN_DEPRECATED_OBJC_IMPLEMENTATIONS = YES;
				CLANG_WARN_DIRECT_OBJC_ISA_USAGE = YES_ERROR;
				CLANG_WARN_DOCUMENTATION_COMMENTS = YES;
				CLANG_WARN_EMPTY_BODY = YES;
				CLANG_WARN_ENUM_CONVERSION = YES;
				CLANG_WARN_INFINITE_RECURSION = YES;
				CLANG_WARN_INT_CONVERSION = YES;
				CLANG_WARN_NON_LITERAL_NULL_CONVERSION = YES;
				CLANG_WARN_OBJC_IMPLICIT_RETAIN_SELF = YES;
				CLANG_WARN_OBJC_LITERAL_CONVERSION = YES;
				CLANG_WARN_OBJC_ROOT_CLASS = YES_ERROR;
				CLANG_WARN_QUOTED_INCLUDE_IN_FRAMEWORK_HEADER = YES;
				CLANG_WARN_RANGE_LOOP_ANALYSIS = YES;
				CLANG_WARN_STRICT_PROTOTYPES = YES;
				CLANG_WARN_SUSPICIOUS_MOVE = YES;
				CLANG_WARN_UNGUARDED_AVAILABILITY = YES_AGGRESSIVE;
				CLANG_WARN_UNREACHABLE_CODE = YES;
				CLANG_WARN__DUPLICATE_METHOD_MATCH = YES;
				COPY_PHASE_STRIP = NO;
				DEBUG_INFORMATION_FORMAT = dwarf;
				ENABLE_STRICT_OBJC_MSGSEND = YES;
				ENABLE_TESTABILITY = YES;
				GCC_C_LANGUAGE_STANDARD = gnu11;
				GCC_DYNAMIC_NO_PIC = NO;
				GCC_NO_COMMON_BLOCKS = YES;
				GCC_OPTIMIZATION_LEVEL = 0;
				GCC_PREPROCESSOR_DEFINITIONS = (
					"DEBUG=1",
					"$(inherited)",
				);
				GCC_WARN_64_TO_32_BIT_CONVERSION = YES;
				GCC_WARN_ABOUT_RETURN_TYPE = YES_ERROR;
				GCC_WARN_UNDECLARED_SELECTOR = YES;
				GCC_WARN_UNINITIALIZED_AUTOS = YES_AGGRESSIVE;
				GCC_WARN_UNUSED_FUNCTION = YES;
				GCC_WARN_UNUSED_VARIABLE = YES;
				IPHONEOS_DEPLOYMENT_TARGET = 15.4;
				MTL_ENABLE_DEBUG_INFO = INCLUDE_SOURCE;
				MTL_FAST_MATH = YES;
				ONLY_ACTIVE_ARCH = YES;
				SDKROOT = iphoneos;
				SWIFT_ACTIVE_COMPILATION_CONDITIONS = DEBUG;
				SWIFT_OPTIMIZATION_LEVEL = "-Onone";
			};
			name = Debug;
		};
		FEAE195C27FA49BF00516EC5 /* Release */ = {
			isa = XCBuildConfiguration;
			buildSettings = {
				ALWAYS_SEARCH_USER_PATHS = NO;
				CLANG_ANALYZER_NONNULL = YES;
				CLANG_ANALYZER_NUMBER_OBJECT_CONVERSION = YES_AGGRESSIVE;
				CLANG_CXX_LANGUAGE_STANDARD = "gnu++17";
				CLANG_ENABLE_MODULES = YES;
				CLANG_ENABLE_OBJC_ARC = YES;
				CLANG_ENABLE_OBJC_WEAK = YES;
				CLANG_WARN_BLOCK_CAPTURE_AUTORELEASING = YES;
				CLANG_WARN_BOOL_CONVERSION = YES;
				CLANG_WARN_COMMA = YES;
				CLANG_WARN_CONSTANT_CONVERSION = YES;
				CLANG_WARN_DEPRECATED_OBJC_IMPLEMENTATIONS = YES;
				CLANG_WARN_DIRECT_OBJC_ISA_USAGE = YES_ERROR;
				CLANG_WARN_DOCUMENTATION_COMMENTS = YES;
				CLANG_WARN_EMPTY_BODY = YES;
				CLANG_WARN_ENUM_CONVERSION = YES;
				CLANG_WARN_INFINITE_RECURSION = YES;
				CLANG_WARN_INT_CONVERSION = YES;
				CLANG_WARN_NON_LITERAL_NULL_CONVERSION = YES;
				CLANG_WARN_OBJC_IMPLICIT_RETAIN_SELF = YES;
				CLANG_WARN_OBJC_LITERAL_CONVERSION = YES;
				CLANG_WARN_OBJC_ROOT_CLASS = YES_ERROR;
				CLANG_WARN_QUOTED_INCLUDE_IN_FRAMEWORK_HEADER = YES;
				CLANG_WARN_RANGE_LOOP_ANALYSIS = YES;
				CLANG_WARN_STRICT_PROTOTYPES = YES;
				CLANG_WARN_SUSPICIOUS_MOVE = YES;
				CLANG_WARN_UNGUARDED_AVAILABILITY = YES_AGGRESSIVE;
				CLANG_WARN_UNREACHABLE_CODE = YES;
				CLANG_WARN__DUPLICATE_METHOD_MATCH = YES;
				COPY_PHASE_STRIP = NO;
				DEBUG_INFORMATION_FORMAT = "dwarf-with-dsym";
				ENABLE_NS_ASSERTIONS = NO;
				ENABLE_STRICT_OBJC_MSGSEND = YES;
				GCC_C_LANGUAGE_STANDARD = gnu11;
				GCC_NO_COMMON_BLOCKS = YES;
				GCC_WARN_64_TO_32_BIT_CONVERSION = YES;
				GCC_WARN_ABOUT_RETURN_TYPE = YES_ERROR;
				GCC_WARN_UNDECLARED_SELECTOR = YES;
				GCC_WARN_UNINITIALIZED_AUTOS = YES_AGGRESSIVE;
				GCC_WARN_UNUSED_FUNCTION = YES;
				GCC_WARN_UNUSED_VARIABLE = YES;
				IPHONEOS_DEPLOYMENT_TARGET = 15.4;
				MTL_ENABLE_DEBUG_INFO = NO;
				MTL_FAST_MATH = YES;
				SDKROOT = iphoneos;
				SWIFT_COMPILATION_MODE = wholemodule;
				SWIFT_OPTIMIZATION_LEVEL = "-O";
				VALIDATE_PRODUCT = YES;
			};
			name = Release;
		};
		FEAE195E27FA49BF00516EC5 /* Debug */ = {
			isa = XCBuildConfiguration;
			buildSettings = {
				ASSETCATALOG_COMPILER_APPICON_NAME = AppIcon;
				ASSETCATALOG_COMPILER_GLOBAL_ACCENT_COLOR_NAME = AccentColor;
				CODE_SIGN_STYLE = Automatic;
				CURRENT_PROJECT_VERSION = 1;
				GENERATE_INFOPLIST_FILE = YES;
				INFOPLIST_FILE = RestaurantList/Info.plist;
				INFOPLIST_KEY_UIApplicationSupportsIndirectInputEvents = YES;
				INFOPLIST_KEY_UILaunchStoryboardName = LaunchScreen;
				INFOPLIST_KEY_UIMainStoryboardFile = Main;
				INFOPLIST_KEY_UISupportedInterfaceOrientations_iPad = "UIInterfaceOrientationPortrait UIInterfaceOrientationPortraitUpsideDown UIInterfaceOrientationLandscapeLeft UIInterfaceOrientationLandscapeRight";
				INFOPLIST_KEY_UISupportedInterfaceOrientations_iPhone = "UIInterfaceOrientationPortrait UIInterfaceOrientationLandscapeLeft UIInterfaceOrientationLandscapeRight";
				LD_RUNPATH_SEARCH_PATHS = (
					"$(inherited)",
					"@executable_path/Frameworks",
				);
				MARKETING_VERSION = 1.0;
				PRODUCT_BUNDLE_IDENTIFIER = com.victoria.RestaurantList;
				PRODUCT_NAME = "$(TARGET_NAME)";
				SWIFT_EMIT_LOC_STRINGS = YES;
				SWIFT_VERSION = 5.0;
				TARGETED_DEVICE_FAMILY = "1,2";
			};
			name = Debug;
		};
		FEAE195F27FA49BF00516EC5 /* Release */ = {
			isa = XCBuildConfiguration;
			buildSettings = {
				ASSETCATALOG_COMPILER_APPICON_NAME = AppIcon;
				ASSETCATALOG_COMPILER_GLOBAL_ACCENT_COLOR_NAME = AccentColor;
				CODE_SIGN_STYLE = Automatic;
				CURRENT_PROJECT_VERSION = 1;
				GENERATE_INFOPLIST_FILE = YES;
				INFOPLIST_FILE = RestaurantList/Info.plist;
				INFOPLIST_KEY_UIApplicationSupportsIndirectInputEvents = YES;
				INFOPLIST_KEY_UILaunchStoryboardName = LaunchScreen;
				INFOPLIST_KEY_UIMainStoryboardFile = Main;
				INFOPLIST_KEY_UISupportedInterfaceOrientations_iPad = "UIInterfaceOrientationPortrait UIInterfaceOrientationPortraitUpsideDown UIInterfaceOrientationLandscapeLeft UIInterfaceOrientationLandscapeRight";
				INFOPLIST_KEY_UISupportedInterfaceOrientations_iPhone = "UIInterfaceOrientationPortrait UIInterfaceOrientationLandscapeLeft UIInterfaceOrientationLandscapeRight";
				LD_RUNPATH_SEARCH_PATHS = (
					"$(inherited)",
					"@executable_path/Frameworks",
				);
				MARKETING_VERSION = 1.0;
				PRODUCT_BUNDLE_IDENTIFIER = com.victoria.RestaurantList;
				PRODUCT_NAME = "$(TARGET_NAME)";
				SWIFT_EMIT_LOC_STRINGS = YES;
				SWIFT_VERSION = 5.0;
				TARGETED_DEVICE_FAMILY = "1,2";
			};
			name = Release;
		};
/* End XCBuildConfiguration section */

/* Begin XCConfigurationList section */
		FEAE194127FA49BB00516EC5 /* Build configuration list for PBXProject "RestaurantList" */ = {
			isa = XCConfigurationList;
			buildConfigurations = (
				FEAE195B27FA49BF00516EC5 /* Debug */,
				FEAE195C27FA49BF00516EC5 /* Release */,
			);
			defaultConfigurationIsVisible = 0;
			defaultConfigurationName = Release;
		};
		FEAE195D27FA49BF00516EC5 /* Build configuration list for PBXNativeTarget "RestaurantList" */ = {
			isa = XCConfigurationList;
			buildConfigurations = (
				FEAE195E27FA49BF00516EC5 /* Debug */,
				FEAE195F27FA49BF00516EC5 /* Release */,
			);
			defaultConfigurationIsVisible = 0;
			defaultConfigurationName = Release;
		};
/* End XCConfigurationList section */

/* Begin XCVersionGroup section */
		FEAE195227FA49BB00516EC5 /* RestaurantList.xcdatamodeld */ = {
			isa = XCVersionGroup;
			children = (
				FEAE195327FA49BB00516EC5 /* RestaurantList.xcdatamodel */,
			);
			currentVersion = FEAE195327FA49BB00516EC5 /* RestaurantList.xcdatamodel */;
			path = RestaurantList.xcdatamodeld;
			sourceTree = "<group>";
			versionGroupType = wrapper.xcdatamodel;
		};
/* End XCVersionGroup section */
	};
	rootObject = FEAE193E27FA49BB00516EC5 /* Project object */;
}
